
Microsoft Visual Studio Solution File, Format Version 12.00
# Visual Studio 15
VisualStudioVersion = 15.0.33026.149
MinimumVisualStudioVersion = 10.0.40219.1
Project("{FAE04EC0-301F-11D3-BF4B-00C04F79EFBC}") = "checkHoldTime", "checkHoldTime\checkHoldTime.csproj", "{8B51009E-A406-4D42-BB8F-2CC4BCC6E0B9}"
EndProject
Global
	GlobalSection(SolutionConfigurationPlatforms) = preSolution
		Debug|Any CPU = Debug|Any CPU
		Release|Any CPU = Release|Any CPU
	EndGlobalSection
	GlobalSection(ProjectConfigurationPlatforms) = postSolution
		{8B51009E-A406-4D42-BB8F-2CC4BCC6E0B9}.Debug|Any CPU.ActiveCfg = Debug|Any CPU
		{8B51009E-A406-4D42-BB8F-2CC4BCC6E0B9}.Debug|Any CPU.Build.0 = Debug|Any CPU
		{8B51009E-A406-4D42-BB8F-2CC4BCC6E0B9}.Release|Any CPU.ActiveCfg = Release|Any CPU
		{8B51009E-A406-4D42-BB8F-2CC4BCC6E0B9}.Release|Any CPU.Build.0 = Release|Any CPU
	EndGlobalSection
	GlobalSection(SolutionProperties) = preSolution
		HideSolutionNode = FALSE
	EndGlobalSection
	GlobalSection(ExtensibilityGlobals) = postSolution
		SolutionGuid = {8DEE8773-6500-422D-932F-C9F98BCB7288}
	EndGlobalSection
EndGlobal
